{
    "_readme": [
        "This file locks the dependencies of your project to a known state",
        "Read more about it at https://getcomposer.org/doc/01-basic-usage.md#installing-dependencies",
        "This file is @generated automatically"
    ],
    "content-hash": "ff39a9f5290be2368f4d5d652b08e7f7",
    "packages": [
        {
            "name": "alcohol/iso4217",
            "version": "4.2.0",
            "source": {
                "type": "git",
                "url": "https://github.com/alcohol/iso4217.git",
                "reference": "3ce6e02fbc0501f949ffdad327f5851c04367f4b"
            },
            "dist": {
                "type": "zip",
                "url": "https://api.github.com/repos/alcohol/iso4217/zipball/3ce6e02fbc0501f949ffdad327f5851c04367f4b",
                "reference": "3ce6e02fbc0501f949ffdad327f5851c04367f4b",
                "shasum": ""
            },
            "require": {
                "php": "^7.4 || ^8.0"
            },
            "require-dev": {
                "phpunit/phpunit": "^9.5"
            },
            "type": "library",
            "extra": {
                "branch-alias": {
                    "dev-main": "4.x-dev"
                }
            },
            "autoload": {
                "psr-4": {
                    "Alcohol\\": "."
                }
            },
            "notification-url": "https://packagist.org/downloads/",
            "license": [
                "MIT"
            ],
            "authors": [
                {
                    "name": "Rob Bast",
                    "email": "rob.bast@gmail.com"
                }
            ],
            "description": "ISO 4217 PHP Library",
            "homepage": "http://alcohol.github.io/iso4217/",
            "keywords": [
                "4217",
                "ISO 4217",
                "currencies",
                "iso",
                "library"
            ],
            "support": {
                "issues": "https://github.com/alcohol/iso4217/issues",
                "source": "https://github.com/alcohol/iso4217"
            },
            "funding": [
                {
                    "url": "https://github.com/alcohol",
                    "type": "github"
                }
            ],
            "time": "2024-07-01T09:50:00+00:00"
        },
        {
            "name": "fatturaelettronicaphp/fattura-elettronica",
            "version": "2.8.0",
            "source": {
                "type": "git",
                "url": "https://github.com/fatturaelettronicaphp/FatturaElettronica.git",
                "reference": "2d61f3d2fefe8a2421eabf9c69c6e43483be23c8"
            },
            "dist": {
                "type": "zip",
                "url": "https://api.github.com/repos/fatturaelettronicaphp/FatturaElettronica/zipball/2d61f3d2fefe8a2421eabf9c69c6e43483be23c8",
                "reference": "2d61f3d2fefe8a2421eabf9c69c6e43483be23c8",
                "shasum": ""
            },
            "require": {
                "alcohol/iso4217": "^3.1 || ^4.0",
                "ext-dom": "*",
                "ext-iconv": "*",
                "ext-json": "*",
                "ext-libxml": "*",
                "ext-openssl": "*",
                "ext-simplexml": "*",
                "league/iso3166": "^2.1 || ^3.0",
                "php": "^7.3 || ^8.0"
            },
            "require-dev": {
                "friendsofphp/php-cs-fixer": "^3.0",
                "larapack/dd": "^1.0",
                "nunomaduro/collision": "^5.11",
                "phpunit/phpunit": "^9.0"
            },
            "type": "library",
            "autoload": {
                "psr-4": {
                    "FatturaElettronicaPhp\\FatturaElettronica\\": "src"
                }
            },
            "notification-url": "https://packagist.org/downloads/",
            "license": [
                "MIT"
            ],
            "authors": [
                {
                    "name": "Daniele Rosario",
                    "email": "daniele@weble.it",
                    "homepage": "https://weble.it",
                    "role": "Developer"
                },
                {
                    "name": "Tobia Zanarella",
                    "email": "tobia.zanarella@shellrent.com",
                    "homepage": "https://www.shellrent.com",
                    "role": "Developer"
                }
            ],
            "description": "Pacchetto PHP per la lettura, la generazione e la validazione della fattura elettronica, sia per la Pubblica Amministrazione che tra privati (B2B)",
            "homepage": "https://fatturaelettronicaphp.github.io/FatturaElettronica/",
            "keywords": [
                "Fattura Elettronica PHP",
                "Fattura Elettronica Semplificata",
                "Fattura PA",
                "Fattura PHP",
                "Fattura Pubblica Amministrazione",
                "fattura",
                "fattura elettronica",
                "php"
            ],
            "support": {
                "issues": "https://github.com/fatturaelettronicaphp/FatturaElettronica/issues",
                "source": "https://github.com/fatturaelettronicaphp/FatturaElettronica/tree/2.8.0"
            },
            "time": "2025-05-08T07:43:28+00:00"
        },
        {
            "name": "league/iso3166",
            "version": "3.0.0",
            "source": {
                "type": "git",
                "url": "https://github.com/alcohol/iso3166.git",
                "reference": "9976d382f270ad3f3df8a68719beb7a7179ffa1e"
            },
            "dist": {
                "type": "zip",
                "url": "https://api.github.com/repos/alcohol/iso3166/zipball/9976d382f270ad3f3df8a68719beb7a7179ffa1e",
                "reference": "9976d382f270ad3f3df8a68719beb7a7179ffa1e",
                "shasum": ""
            },
            "require": {
                "php": "^7.3|^8.0"
            },
            "require-dev": {
                "phpunit/phpunit": "^9.0"
            },
            "type": "library",
            "extra": {
                "branch-alias": {
                    "dev-master": "3.x-dev"
                }
            },
            "autoload": {
                "psr-4": {
                    "League\\ISO3166\\": "src"
                }
            },
            "notification-url": "https://packagist.org/downloads/",
            "license": [
                "MIT"
            ],
            "authors": [
                {
                    "name": "Rob Bast",
                    "email": "rob.bast@gmail.com"
                }
            ],
            "description": "ISO 3166-1 PHP Library",
            "homepage": "https://github.com/thephpleague/iso3166",
            "keywords": [
                "3166",
                "3166-1",
                "ISO 3166",
                "countries",
                "iso",
                "library"
            ],
            "support": {
                "issues": "https://github.com/thephpleague/iso3166/issues",
                "source": "https://github.com/thephpleague/iso3166"
            },
            "funding": [
                {
                    "url": "https://github.com/alcohol",
                    "type": "github"
                }
            ],
            "time": "2020-12-05T06:50:42+00:00"
        }
    ],
    "packages-dev": [],
    "aliases": [],
    "minimum-stability": "stable",
    "stability-flags": {},
    "prefer-stable": false,
    "prefer-lowest": false,
    "platform": {},
    "platform-dev": {},
    "plugin-api-version": "2.6.0"
}
