{
    "_readme": [
        "This file locks the dependencies of your project to a known state",
        "Read more about it at https://getcomposer.org/doc/01-basic-usage.md#installing-dependencies",
        "This file is @generated automatically"
    ],
    "content-hash": "24703a91b18e8fcdb8bf03d9da25ab89",
    "packages": [
        {
            "name": "greenlion/php-sql-parser",
            "version": "v4.6.0",
            "source": {
                "type": "git",
                "url": "https://github.com/greenlion/PHP-SQL-Parser.git",
                "reference": "f0e4645eb1612f0a295e3d35bda4c7740ae8c366"
            },
            "dist": {
                "type": "zip",
                "url": "https://api.github.com/repos/greenlion/PHP-SQL-Parser/zipball/f0e4645eb1612f0a295e3d35bda4c7740ae8c366",
                "reference": "f0e4645eb1612f0a295e3d35bda4c7740ae8c366",
                "shasum": ""
            },
            "require": {
                "php": ">=5.3.2"
            },
            "require-dev": {
                "analog/analog": "^1.0.6",
                "phpunit/phpunit": "^9.5.13",
                "squizlabs/php_codesniffer": "^1.5.1"
            },
            "type": "library",
            "autoload": {
                "psr-0": {
                    "PHPSQLParser\\": "src/"
                }
            },
            "notification-url": "https://packagist.org/downloads/",
            "license": [
                "BSD-3-Clause"
            ],
            "authors": [
                {
                    "name": "Justin Swanhart",
                    "email": "greenlion@gmail.com",
                    "homepage": "http://code.google.com/u/greenlion@gmail.com/",
                    "role": "Owner"
                },
                {
                    "name": "André Rothe",
                    "email": "phosco@gmx.de",
                    "homepage": "https://www.phosco.info",
                    "role": "Committer"
                }
            ],
            "description": "A pure PHP SQL (non validating) parser w/ focus on MySQL dialect of SQL",
            "homepage": "https://github.com/greenlion/PHP-SQL-Parser",
            "keywords": [
                "creator",
                "mysql",
                "parser",
                "sql"
            ],
            "support": {
                "issues": "https://github.com/greenlion/PHP-SQL-Parser/issues",
                "source": "https://github.com/greenlion/PHP-SQL-Parser"
            },
            "time": "2023-03-09T20:54:23+00:00"
        },
        {
            "name": "soundasleep/html2text",
            "version": "2.1.0",
            "source": {
                "type": "git",
                "url": "https://github.com/soundasleep/html2text.git",
                "reference": "83502b6f8f1aaef8e2e238897199d64f284b4af3"
            },
            "dist": {
                "type": "zip",
                "url": "https://api.github.com/repos/soundasleep/html2text/zipball/83502b6f8f1aaef8e2e238897199d64f284b4af3",
                "reference": "83502b6f8f1aaef8e2e238897199d64f284b4af3",
                "shasum": ""
            },
            "require": {
                "ext-dom": "*",
                "ext-libxml": "*",
                "php": "^7.3|^8.0"
            },
            "require-dev": {
                "phpstan/phpstan": "^1.9",
                "phpunit/phpunit": "^7.0|^8.0|^9.0"
            },
            "type": "library",
            "autoload": {
                "psr-4": {
                    "Soundasleep\\": "src"
                }
            },
            "notification-url": "https://packagist.org/downloads/",
            "license": [
                "MIT"
            ],
            "authors": [
                {
                    "name": "Jevon Wright",
                    "homepage": "https://jevon.org",
                    "role": "Developer"
                }
            ],
            "description": "A PHP script to convert HTML into a plain text format",
            "homepage": "https://github.com/soundasleep/html2text",
            "keywords": [
                "email",
                "html",
                "php",
                "text"
            ],
            "support": {
                "email": "support@jevon.org",
                "issues": "https://github.com/soundasleep/html2text/issues",
                "source": "https://github.com/soundasleep/html2text/tree/2.1.0"
            },
            "time": "2023-01-06T09:28:15+00:00"
        }
    ],
    "packages-dev": [],
    "aliases": [],
    "minimum-stability": "stable",
    "stability-flags": {},
    "prefer-stable": false,
    "prefer-lowest": false,
    "platform": {},
    "platform-dev": {},
    "plugin-api-version": "2.6.0"
}
